<?xml version="1.0" encoding="utf-8"?>
<Project ToolsVersion="4.0" xmlns="http://schemas.microsoft.com/developer/msbuild/2003">
  <ItemGroup>
    <Filter Include="Source Files">
      <UniqueIdentifier>{4FC737F1-C7A5-4376-A066-2A32D752A2FF}</UniqueIdentifier>
      <Extensions>cpp;c;cc;cxx;c++;cppm;ixx;def;odl;idl;hpj;bat;asm;asmx</Extensions>
    </Filter>
    <Filter Include="Header Files">
      <UniqueIdentifier>{93995380-89BD-4b04-88EB-625FBE52EBFB}</UniqueIdentifier>
      <Extensions>h;hh;hpp;hxx;h++;hm;inl;inc;ipp;xsd</Extensions>
    </Filter>
    <Filter Include="Resource Files">
      <UniqueIdentifier>{67DA6AB6-F800-4c08-8B7A-83BB121AAD01}</UniqueIdentifier>
      <Extensions>rc;ico;cur;bmp;dlg;rc2;rct;bin;rgs;gif;jpg;jpeg;jpe;resx;tiff;tif;png;wav;mfcribbon-ms</Extensions>
    </Filter>
  </ItemGroup>
  <ItemGroup>
    <ClCompile Include="scr\main.cpp">
      <Filter>Source Files</Filter>
    </ClCompile>
    <ClCompile Include="scr\Core\Game.cpp">
      <Filter>Source Files</Filter>
    </ClCompile>
    <ClCompile Include="scr\Core\state\State_Base.cpp">
      <Filter>Source Files</Filter>
    </ClCompile>
    <ClCompile Include="scr\Space_Invaders\states\state_main_menu.cpp">
      <Filter>Source Files</Filter>
    </ClCompile>
    <ClCompile Include="scr\Core\ui\stack_menu.cpp">
      <Filter>Source Files</Filter>
    </ClCompile>
    <ClCompile Include="scr\Core\ui\widget.cpp">
      <Filter>Source Files</Filter>
    </ClCompile>
    <ClCompile Include="scr\Core\ui\button.cpp">
      <Filter>Source Files</Filter>
    </ClCompile>
    <ClCompile Include="scr\Core\resourse\resources_holder.cpp">
      <Filter>Source Files</Filter>
    </ClCompile>
    <ClCompile Include="scr\Space_Invaders\states\state_playing.cpp">
      <Filter>Source Files</Filter>
    </ClCompile>
    <ClCompile Include="scr\Space_Invaders\world.cpp">
      <Filter>Source Files</Filter>
    </ClCompile>
    <ClCompile Include="scr\Space_Invaders\entity\player.cpp">
      <Filter>Source Files</Filter>
    </ClCompile>
    <ClCompile Include="scr\Space_Invaders\entity\alien.cpp">
      <Filter>Source Files</Filter>
    </ClCompile>
    <ClCompile Include="scr\Space_Invaders\entity\invader.cpp">
      <Filter>Source Files</Filter>
    </ClCompile>
    <ClCompile Include="scr\Space_Invaders\invader_manager.cpp">
      <Filter>Source Files</Filter>
    </ClCompile>
    <ClCompile Include="scr\Space_Invaders\animation_renderer.cpp">
      <Filter>Source Files</Filter>
    </ClCompile>
    <ClCompile Include="scr\Space_Invaders\collidable.cpp">
      <Filter>Source Files</Filter>
    </ClCompile>
    <ClCompile Include="scr\Space_Invaders\entity\projectile.cpp">
      <Filter>Source Files</Filter>
    </ClCompile>
    <ClCompile Include="scr\Space_Invaders\entity\shield.cpp">
      <Filter>Source Files</Filter>
    </ClCompile>
    <ClCompile Include="scr\Space_Invaders\entity\explosion.cpp">
      <Filter>Source Files</Filter>
    </ClCompile>
    <ClCompile Include="scr\Core\util\animation.cpp">
      <Filter>Source Files</Filter>
    </ClCompile>
  </ItemGroup>
  <ItemGroup>
    <ClInclude Include="scr\Core\Game.h">
      <Filter>Header Files</Filter>
    </ClInclude>
    <ClInclude Include="scr\Core\state\State_Base.h">
      <Filter>Header Files</Filter>
    </ClInclude>
    <ClInclude Include="scr\Space_Invaders\states\state_main_menu.h">
      <Filter>Header Files</Filter>
    </ClInclude>
    <ClInclude Include="scr\Space_Invaders\display_info.h">
      <Filter>Header Files</Filter>
    </ClInclude>
    <ClInclude Include="scr\Core\ui\stack_menu.h">
      <Filter>Header Files</Filter>
    </ClInclude>
    <ClInclude Include="scr\Core\ui\widget.h">
      <Filter>Header Files</Filter>
    </ClInclude>
    <ClInclude Include="scr\Core\ui\button.h">
      <Filter>Header Files</Filter>
    </ClInclude>
    <ClInclude Include="scr\Core\resourse\resource_manager.h">
      <Filter>Header Files</Filter>
    </ClInclude>
    <ClInclude Include="scr\Core\resourse\resources_holder.h">
      <Filter>Header Files</Filter>
    </ClInclude>
    <ClInclude Include="scr\Space_Invaders\states\state_playing.h">
      <Filter>Header Files</Filter>
    </ClInclude>
    <ClInclude Include="scr\Space_Invaders\world.h">
      <Filter>Header Files</Filter>
    </ClInclude>
    <ClInclude Include="scr\Space_Invaders\entity\player.h">
      <Filter>Header Files</Filter>
    </ClInclude>
    <ClInclude Include="scr\Space_Invaders\entity\alien.h">
      <Filter>Header Files</Filter>
    </ClInclude>
    <ClInclude Include="scr\Core\util\random.h">
      <Filter>Header Files</Filter>
    </ClInclude>
    <ClInclude Include="scr\Space_Invaders\entity\invader.h">
      <Filter>Header Files</Filter>
    </ClInclude>
    <ClInclude Include="scr\Space_Invaders\invader_manager.h">
      <Filter>Header Files</Filter>
    </ClInclude>
    <ClInclude Include="scr\Space_Invaders\animation_renderer.h">
      <Filter>Header Files</Filter>
    </ClInclude>
    <ClInclude Include="scr\Space_Invaders\collidable.h">
      <Filter>Header Files</Filter>
    </ClInclude>
    <ClInclude Include="scr\Space_Invaders\entity\projectile.h">
      <Filter>Header Files</Filter>
    </ClInclude>
    <ClInclude Include="scr\Space_Invaders\entity\shield.h">
      <Filter>Header Files</Filter>
    </ClInclude>
    <ClInclude Include="scr\Space_Invaders\entity\explosion.h">
      <Filter>Header Files</Filter>
    </ClInclude>
    <ClInclude Include="scr\Core\util\animation.h">
      <Filter>Header Files</Filter>
    </ClInclude>
  </ItemGroup>
  <ItemGroup>
    <Font Include="res\fonts\arcade.TTF" />
  </ItemGroup>
  <ItemGroup>
    <Image Include="res\txrs\_fail_.png">
      <Filter>Resource Files</Filter>
    </Image>
    <Image Include="res\txrs\si\logo.png">
      <Filter>Resource Files</Filter>
    </Image>
    <Image Include="res\txrs\si\player.png">
      <Filter>Resource Files</Filter>
    </Image>
    <Image Include="res\txrs\si\ufo.png">
      <Filter>Resource Files</Filter>
    </Image>
    <Image Include="res\txrs\si\invaders.png">
      <Filter>Resource Files</Filter>
    </Image>
    <Image Include="res\txrs\si\explosion.png">
      <Filter>Resource Files</Filter>
    </Image>
    <Image Include="res\txrs\si\projectile.png">
      <Filter>Resource Files</Filter>
    </Image>
  </ItemGroup>
  <ItemGroup>
    <Media Include="res\sfx\si\shoot.wav">
      <Filter>Resource Files</Filter>
    </Media>
    <Media Include="res\sfx\si\explosion.wav">
      <Filter>Resource Files</Filter>
    </Media>
    <Media Include="res\sfx\si\ufo_lowpitch.wav">
      <Filter>Resource Files</Filter>
    </Media>
    <Media Include="res\sfx\_fail_.wav">
      <Filter>Resource Files</Filter>
    </Media>
    <Media Include="res\sfx\si\fastinvader1.wav">
      <Filter>Resource Files</Filter>
    </Media>
    <Media Include="res\sfx\si\fastinvader2.wav">
      <Filter>Resource Files</Filter>
    </Media>
    <Media Include="res\sfx\si\fastinvader3.wav">
      <Filter>Resource Files</Filter>
    </Media>
    <Media Include="res\sfx\si\fastinvader4.wav">
      <Filter>Resource Files</Filter>
    </Media>
    <Media Include="res\sfx\si\invaderkilled.wav">
      <Filter>Resource Files</Filter>
    </Media>
  </ItemGroup>
</Project>